
Microsoft Visual Studio Solution File, Format Version 12.00
# Visual Studio Version 16
VisualStudioVersion = 16.0.29709.97
MinimumVisualStudioVersion = 10.0.40219.1
Project("{9A19103F-16F7-4668-BE54-9A1E7A4F7556}") = "MarketIO.Test", "MarketIO.Test\MarketIO.Test.csproj", "{3AD88B3D-5A54-471C-B363-1EEB041E9A8C}"
EndProject
Project("{9A19103F-16F7-4668-BE54-9A1E7A4F7556}") = "MarketIO.MVC", "MarketIO.MVC\MarketIO.MVC.csproj", "{841034EA-9BDF-4241-B653-615CCE9CD7D6}"
EndProject
Project("{9A19103F-16F7-4668-BE54-9A1E7A4F7556}") = "MarketIO.DAL", "MarketIO.DAL\MarketIO.DAL.csproj", "{1907CDB7-D119-4BCA-A548-0D9EE32A3CC1}"
EndProject
Project("{9A19103F-16F7-4668-BE54-9A1E7A4F7556}") = "MarketIO.BLL", "MarketIO.BLL\MarketIO.BLL.csproj", "{7DECC40E-A78E-4634-9B12-AFC37E008B50}"
EndProject
Project("{9A19103F-16F7-4668-BE54-9A1E7A4F7556}") = "MarketIO.API", "MarketIO.API\MarketIO.API.csproj", "{3908EB1A-BD82-49D3-97F0-B4331DBE4899}"
EndProject
Project("{FAE04EC0-301F-11D3-BF4B-00C04F79EFBC}") = "MarketIO.Contracts", "MarketIO.Contracts\MarketIO.Contracts.csproj", "{729498E0-B6D2-4ED6-9D97-BB6D7A07C95F}"
EndProject
Global
	GlobalSection(SolutionConfigurationPlatforms) = preSolution
		Debug|Any CPU = Debug|Any CPU
		Release|Any CPU = Release|Any CPU
	EndGlobalSection
	GlobalSection(ProjectConfigurationPlatforms) = postSolution
		{3AD88B3D-5A54-471C-B363-1EEB041E9A8C}.Debug|Any CPU.ActiveCfg = Debug|Any CPU
		{3AD88B3D-5A54-471C-B363-1EEB041E9A8C}.Debug|Any CPU.Build.0 = Debug|Any CPU
		{3AD88B3D-5A54-471C-B363-1EEB041E9A8C}.Release|Any CPU.ActiveCfg = Release|Any CPU
		{3AD88B3D-5A54-471C-B363-1EEB041E9A8C}.Release|Any CPU.Build.0 = Release|Any CPU
		{841034EA-9BDF-4241-B653-615CCE9CD7D6}.Debug|Any CPU.ActiveCfg = Debug|Any CPU
		{841034EA-9BDF-4241-B653-615CCE9CD7D6}.Debug|Any CPU.Build.0 = Debug|Any CPU
		{841034EA-9BDF-4241-B653-615CCE9CD7D6}.Release|Any CPU.ActiveCfg = Release|Any CPU
		{841034EA-9BDF-4241-B653-615CCE9CD7D6}.Release|Any CPU.Build.0 = Release|Any CPU
		{1907CDB7-D119-4BCA-A548-0D9EE32A3CC1}.Debug|Any CPU.ActiveCfg = Debug|Any CPU
		{1907CDB7-D119-4BCA-A548-0D9EE32A3CC1}.Debug|Any CPU.Build.0 = Debug|Any CPU
		{1907CDB7-D119-4BCA-A548-0D9EE32A3CC1}.Release|Any CPU.ActiveCfg = Release|Any CPU
		{1907CDB7-D119-4BCA-A548-0D9EE32A3CC1}.Release|Any CPU.Build.0 = Release|Any CPU
		{7DECC40E-A78E-4634-9B12-AFC37E008B50}.Debug|Any CPU.ActiveCfg = Debug|Any CPU
		{7DECC40E-A78E-4634-9B12-AFC37E008B50}.Debug|Any CPU.Build.0 = Debug|Any CPU
		{7DECC40E-A78E-4634-9B12-AFC37E008B50}.Release|Any CPU.ActiveCfg = Release|Any CPU
		{7DECC40E-A78E-4634-9B12-AFC37E008B50}.Release|Any CPU.Build.0 = Release|Any CPU
		{3908EB1A-BD82-49D3-97F0-B4331DBE4899}.Debug|Any CPU.ActiveCfg = Debug|Any CPU
		{3908EB1A-BD82-49D3-97F0-B4331DBE4899}.Debug|Any CPU.Build.0 = Debug|Any CPU
		{3908EB1A-BD82-49D3-97F0-B4331DBE4899}.Release|Any CPU.ActiveCfg = Release|Any CPU
		{3908EB1A-BD82-49D3-97F0-B4331DBE4899}.Release|Any CPU.Build.0 = Release|Any CPU
		{729498E0-B6D2-4ED6-9D97-BB6D7A07C95F}.Debug|Any CPU.ActiveCfg = Debug|Any CPU
		{729498E0-B6D2-4ED6-9D97-BB6D7A07C95F}.Debug|Any CPU.Build.0 = Debug|Any CPU
		{729498E0-B6D2-4ED6-9D97-BB6D7A07C95F}.Release|Any CPU.ActiveCfg = Release|Any CPU
		{729498E0-B6D2-4ED6-9D97-BB6D7A07C95F}.Release|Any CPU.Build.0 = Release|Any CPU
	EndGlobalSection
	GlobalSection(SolutionProperties) = preSolution
		HideSolutionNode = FALSE
	EndGlobalSection
	GlobalSection(ExtensibilityGlobals) = postSolution
		SolutionGuid = {E3EA366E-C1FD-40D1-9D13-66E2534581B1}
	EndGlobalSection
EndGlobal
