
Microsoft Visual Studio Solution File, Format Version 12.00
# Visual Studio Version 16
VisualStudioVersion = 16.0.29709.97
MinimumVisualStudioVersion = 10.0.40219.1
Project("{9A19103F-16F7-4668-BE54-9A1E7A4F7556}") = "MarketIO.MVC", "MarketIO.MVC.csproj", "{1DD45FFB-2271-42A8-9958-9CE4A2442BFF}"
EndProject
Global
	GlobalSection(SolutionConfigurationPlatforms) = preSolution
		Debug|Any CPU = Debug|Any CPU
		Release|Any CPU = Release|Any CPU
	EndGlobalSection
	GlobalSection(ProjectConfigurationPlatforms) = postSolution
		{1DD45FFB-2271-42A8-9958-9CE4A2442BFF}.Debug|Any CPU.ActiveCfg = Debug|Any CPU
		{1DD45FFB-2271-42A8-9958-9CE4A2442BFF}.Debug|Any CPU.Build.0 = Debug|Any CPU
		{1DD45FFB-2271-42A8-9958-9CE4A2442BFF}.Release|Any CPU.ActiveCfg = Release|Any CPU
		{1DD45FFB-2271-42A8-9958-9CE4A2442BFF}.Release|Any CPU.Build.0 = Release|Any CPU
	EndGlobalSection
	GlobalSection(SolutionProperties) = preSolution
		HideSolutionNode = FALSE
	EndGlobalSection
	GlobalSection(ExtensibilityGlobals) = postSolution
		SolutionGuid = {E3EA366E-C1FD-40D1-9D13-66E2534581B1}
	EndGlobalSection
EndGlobal
